
Microsoft Visual Studio Solution File, Format Version 12.00
# Visual Studio Version 17
VisualStudioVersion = 17.14.36717.8 d17.14
MinimumVisualStudioVersion = 10.0.40219.1
Project("{FAE04EC0-301F-11D3-BF4B-00C04F79EFBC}") = "API de Controle Financeiro Pessoal", "API de Controle Financeiro Pessoal\API de Controle Financeiro Pessoal.csproj", "{099B0FB3-9E16-46AE-97FD-814B8E0650EB}"
EndProject
Project("{FAE04EC0-301F-11D3-BF4B-00C04F79EFBC}") = "FinanceControl.Domain", "FinanceControl.Domain\FinanceControl.Domain.csproj", "{C08397E8-1BE6-462F-B3C2-F2986ED9CED0}"
EndProject
Project("{FAE04EC0-301F-11D3-BF4B-00C04F79EFBC}") = "FinanceControl.Infrastructure", "FinanceControl.Infrastructure\FinanceControl.Infrastructure.csproj", "{4A617A32-E0D9-4306-A3EB-7AA874025263}"
EndProject
Project("{FAE04EC0-301F-11D3-BF4B-00C04F79EFBC}") = "FinanceControl.Application", "FinanceControl.Application\FinanceControl.Application.csproj", "{3A875B14-5E29-4D81-A637-9829D26D542E}"
EndProject
Global
	GlobalSection(SolutionConfigurationPlatforms) = preSolution
		Debug|Any CPU = Debug|Any CPU
		Release|Any CPU = Release|Any CPU
	EndGlobalSection
	GlobalSection(ProjectConfigurationPlatforms) = postSolution
		{099B0FB3-9E16-46AE-97FD-814B8E0650EB}.Debug|Any CPU.ActiveCfg = Debug|Any CPU
		{099B0FB3-9E16-46AE-97FD-814B8E0650EB}.Debug|Any CPU.Build.0 = Debug|Any CPU
		{099B0FB3-9E16-46AE-97FD-814B8E0650EB}.Release|Any CPU.ActiveCfg = Release|Any CPU
		{099B0FB3-9E16-46AE-97FD-814B8E0650EB}.Release|Any CPU.Build.0 = Release|Any CPU
		{C08397E8-1BE6-462F-B3C2-F2986ED9CED0}.Debug|Any CPU.ActiveCfg = Debug|Any CPU
		{C08397E8-1BE6-462F-B3C2-F2986ED9CED0}.Debug|Any CPU.Build.0 = Debug|Any CPU
		{C08397E8-1BE6-462F-B3C2-F2986ED9CED0}.Release|Any CPU.ActiveCfg = Release|Any CPU
		{C08397E8-1BE6-462F-B3C2-F2986ED9CED0}.Release|Any CPU.Build.0 = Release|Any CPU
		{4A617A32-E0D9-4306-A3EB-7AA874025263}.Debug|Any CPU.ActiveCfg = Debug|Any CPU
		{4A617A32-E0D9-4306-A3EB-7AA874025263}.Debug|Any CPU.Build.0 = Debug|Any CPU
		{4A617A32-E0D9-4306-A3EB-7AA874025263}.Release|Any CPU.ActiveCfg = Release|Any CPU
		{4A617A32-E0D9-4306-A3EB-7AA874025263}.Release|Any CPU.Build.0 = Release|Any CPU
		{3A875B14-5E29-4D81-A637-9829D26D542E}.Debug|Any CPU.ActiveCfg = Debug|Any CPU
		{3A875B14-5E29-4D81-A637-9829D26D542E}.Debug|Any CPU.Build.0 = Debug|Any CPU
		{3A875B14-5E29-4D81-A637-9829D26D542E}.Release|Any CPU.ActiveCfg = Release|Any CPU
		{3A875B14-5E29-4D81-A637-9829D26D542E}.Release|Any CPU.Build.0 = Release|Any CPU
	EndGlobalSection
	GlobalSection(SolutionProperties) = preSolution
		HideSolutionNode = FALSE
	EndGlobalSection
	GlobalSection(ExtensibilityGlobals) = postSolution
		SolutionGuid = {584C7F05-97B6-429D-93DF-5DEE9BDD4EE3}
	EndGlobalSection
EndGlobal
